
Microsoft Visual Studio Solution File, Format Version 12.00
Project("{FAE04EC0-301F-11D3-BF4B-00C04F79EFBC}") = "test", "test\test.csproj", "{54C42533-243B-4E05-811B-E504393F2442}"
EndProject
Project("{FAE04EC0-301F-11D3-BF4B-00C04F79EFBC}") = "Function", "Function\Function.csproj", "{964CBE5E-C445-411D-AC45-3849AFD3DDB0}"
EndProject
Global
	GlobalSection(SolutionConfigurationPlatforms) = preSolution
		Debug|Any CPU = Debug|Any CPU
		Release|Any CPU = Release|Any CPU
	EndGlobalSection
	GlobalSection(ProjectConfigurationPlatforms) = postSolution
		{54C42533-243B-4E05-811B-E504393F2442}.Debug|Any CPU.ActiveCfg = Debug|Any CPU
		{54C42533-243B-4E05-811B-E504393F2442}.Debug|Any CPU.Build.0 = Debug|Any CPU
		{54C42533-243B-4E05-811B-E504393F2442}.Release|Any CPU.ActiveCfg = Release|Any CPU
		{54C42533-243B-4E05-811B-E504393F2442}.Release|Any CPU.Build.0 = Release|Any CPU
		{964CBE5E-C445-411D-AC45-3849AFD3DDB0}.Debug|Any CPU.ActiveCfg = Debug|Any CPU
		{964CBE5E-C445-411D-AC45-3849AFD3DDB0}.Debug|Any CPU.Build.0 = Debug|Any CPU
		{964CBE5E-C445-411D-AC45-3849AFD3DDB0}.Release|Any CPU.ActiveCfg = Release|Any CPU
		{964CBE5E-C445-411D-AC45-3849AFD3DDB0}.Release|Any CPU.Build.0 = Release|Any CPU
	EndGlobalSection
EndGlobal
